{
  "originHash" : "7778f152c71201f7ec81771d587cf23e68a9693a024a7120ce995b74ce6230b3",
  "pins" : [
    {
      "identity" : "tc4mac-plugin-sdk",
      "kind" : "remoteSourceControl",
      "location" : "https://github.com/lagueux/tc4mac-plugin-sdk.git",
      "state" : {
        "revision" : "81458c65b67180ce52db9f50beb46b54cadeff53",
        "version" : "2.0.0"
      }
    }
  ],
  "version" : 3
}
